
Microsoft Visual Studio Solution File, Format Version 12.00
# Visual Studio 15
VisualStudioVersion = 15.0.28307.271
MinimumVisualStudioVersion = 10.0.40219.1
Project("{8BC9CEB8-8B4A-11D0-8D11-00A0C91BC942}") = "neuron-model-integration", "neuron-model-integration\neuron-model-integration.vcxproj", "{5027A8BB-3A45-4AC3-90D9-C24347F3A2BE}"
EndProject
Project("{8BC9CEB8-8B4A-11D0-8D11-00A0C91BC942}") = "model", "model\model.vcxproj", "{1C90BB04-4D1E-40DD-8614-E8DAEF1D8286}"
EndProject
Project("{8BC9CEB8-8B4A-11D0-8D11-00A0C91BC942}") = "integration", "integration\integration.vcxproj", "{93078E5A-6F65-488E-8794-DFE20EC58C82}"
EndProject
Project("{8BC9CEB8-8B4A-11D0-8D11-00A0C91BC942}") = "noise-generator", "noise-generator\noise-generator.vcxproj", "{5D2A704A-20B4-43A2-AD36-F72487CCD080}"
EndProject
Global
	GlobalSection(SolutionConfigurationPlatforms) = preSolution
		Debug|x64 = Debug|x64
		Debug|x86 = Debug|x86
		Release|x64 = Release|x64
		Release|x86 = Release|x86
	EndGlobalSection
	GlobalSection(ProjectConfigurationPlatforms) = postSolution
		{5027A8BB-3A45-4AC3-90D9-C24347F3A2BE}.Debug|x64.ActiveCfg = Debug|x64
		{5027A8BB-3A45-4AC3-90D9-C24347F3A2BE}.Debug|x64.Build.0 = Debug|x64
		{5027A8BB-3A45-4AC3-90D9-C24347F3A2BE}.Debug|x86.ActiveCfg = Debug|Win32
		{5027A8BB-3A45-4AC3-90D9-C24347F3A2BE}.Debug|x86.Build.0 = Debug|Win32
		{5027A8BB-3A45-4AC3-90D9-C24347F3A2BE}.Release|x64.ActiveCfg = Release|x64
		{5027A8BB-3A45-4AC3-90D9-C24347F3A2BE}.Release|x64.Build.0 = Release|x64
		{5027A8BB-3A45-4AC3-90D9-C24347F3A2BE}.Release|x86.ActiveCfg = Release|Win32
		{5027A8BB-3A45-4AC3-90D9-C24347F3A2BE}.Release|x86.Build.0 = Release|Win32
		{1C90BB04-4D1E-40DD-8614-E8DAEF1D8286}.Debug|x64.ActiveCfg = Debug|x64
		{1C90BB04-4D1E-40DD-8614-E8DAEF1D8286}.Debug|x64.Build.0 = Debug|x64
		{1C90BB04-4D1E-40DD-8614-E8DAEF1D8286}.Debug|x86.ActiveCfg = Debug|Win32
		{1C90BB04-4D1E-40DD-8614-E8DAEF1D8286}.Debug|x86.Build.0 = Debug|Win32
		{1C90BB04-4D1E-40DD-8614-E8DAEF1D8286}.Release|x64.ActiveCfg = Release|x64
		{1C90BB04-4D1E-40DD-8614-E8DAEF1D8286}.Release|x64.Build.0 = Release|x64
		{1C90BB04-4D1E-40DD-8614-E8DAEF1D8286}.Release|x86.ActiveCfg = Release|Win32
		{1C90BB04-4D1E-40DD-8614-E8DAEF1D8286}.Release|x86.Build.0 = Release|Win32
		{93078E5A-6F65-488E-8794-DFE20EC58C82}.Debug|x64.ActiveCfg = Debug|x64
		{93078E5A-6F65-488E-8794-DFE20EC58C82}.Debug|x64.Build.0 = Debug|x64
		{93078E5A-6F65-488E-8794-DFE20EC58C82}.Debug|x86.ActiveCfg = Debug|Win32
		{93078E5A-6F65-488E-8794-DFE20EC58C82}.Debug|x86.Build.0 = Debug|Win32
		{93078E5A-6F65-488E-8794-DFE20EC58C82}.Release|x64.ActiveCfg = Release|x64
		{93078E5A-6F65-488E-8794-DFE20EC58C82}.Release|x64.Build.0 = Release|x64
		{93078E5A-6F65-488E-8794-DFE20EC58C82}.Release|x86.ActiveCfg = Release|Win32
		{93078E5A-6F65-488E-8794-DFE20EC58C82}.Release|x86.Build.0 = Release|Win32
		{5D2A704A-20B4-43A2-AD36-F72487CCD080}.Debug|x64.ActiveCfg = Debug|x64
		{5D2A704A-20B4-43A2-AD36-F72487CCD080}.Debug|x64.Build.0 = Debug|x64
		{5D2A704A-20B4-43A2-AD36-F72487CCD080}.Debug|x86.ActiveCfg = Debug|Win32
		{5D2A704A-20B4-43A2-AD36-F72487CCD080}.Debug|x86.Build.0 = Debug|Win32
		{5D2A704A-20B4-43A2-AD36-F72487CCD080}.Release|x64.ActiveCfg = Release|x64
		{5D2A704A-20B4-43A2-AD36-F72487CCD080}.Release|x64.Build.0 = Release|x64
		{5D2A704A-20B4-43A2-AD36-F72487CCD080}.Release|x86.ActiveCfg = Release|Win32
		{5D2A704A-20B4-43A2-AD36-F72487CCD080}.Release|x86.Build.0 = Release|Win32
	EndGlobalSection
	GlobalSection(SolutionProperties) = preSolution
		HideSolutionNode = FALSE
	EndGlobalSection
	GlobalSection(ExtensibilityGlobals) = postSolution
		SolutionGuid = {1B03B61B-6CA0-48DA-8C86-7166BE08B115}
	EndGlobalSection
EndGlobal
